
Microsoft Visual Studio Solution File, Format Version 12.00
# Visual Studio Version 17
VisualStudioVersion = 17.3.32929.385
MinimumVisualStudioVersion = 10.0.40219.1
Project("{8BC9CEB8-8B4A-11D0-8D11-00A0C91BC942}") = "laba 1", "laba 1.vcxproj", "{F02FE6F4-FAAB-48F0-986F-43EE804DB4EC}"
EndProject
Global
	GlobalSection(SolutionConfigurationPlatforms) = preSolution
		Debug|x64 = Debug|x64
		Debug|x86 = Debug|x86
		Release|x64 = Release|x64
		Release|x86 = Release|x86
	EndGlobalSection
	GlobalSection(ProjectConfigurationPlatforms) = postSolution
		{F02FE6F4-FAAB-48F0-986F-43EE804DB4EC}.Debug|x64.ActiveCfg = Debug|x64
		{F02FE6F4-FAAB-48F0-986F-43EE804DB4EC}.Debug|x64.Build.0 = Debug|x64
		{F02FE6F4-FAAB-48F0-986F-43EE804DB4EC}.Debug|x86.ActiveCfg = Debug|Win32
		{F02FE6F4-FAAB-48F0-986F-43EE804DB4EC}.Debug|x86.Build.0 = Debug|Win32
		{F02FE6F4-FAAB-48F0-986F-43EE804DB4EC}.Release|x64.ActiveCfg = Release|x64
		{F02FE6F4-FAAB-48F0-986F-43EE804DB4EC}.Release|x64.Build.0 = Release|x64
		{F02FE6F4-FAAB-48F0-986F-43EE804DB4EC}.Release|x86.ActiveCfg = Release|Win32
		{F02FE6F4-FAAB-48F0-986F-43EE804DB4EC}.Release|x86.Build.0 = Release|Win32
	EndGlobalSection
	GlobalSection(SolutionProperties) = preSolution
		HideSolutionNode = FALSE
	EndGlobalSection
	GlobalSection(ExtensibilityGlobals) = postSolution
		SolutionGuid = {54679B48-B3B7-4452-8111-C9168CF5C2EC}
	EndGlobalSection
EndGlobal
